{"format_version":"1.1","terraform_version":"1.2.4","variables":{"cidr":{"value":"10.0.0.0/16"},"enable_dns_hostnames":{"value":true},"enable_dns_support":{"value":true},"tags":{"value":"Vpc-public \u0026 private deployment"}},"planned_values":{"root_module":{"resources":[{"address":"aws_eip.eip","mode":"managed","type":"aws_eip","name":"eip","provider_name":"registry.terraform.io/hashicorp/aws","schema_version":0,"values":{"address":null,"associate_with_private_ip":null,"customer_owned_ipv4_pool":null,"tags":null,"timeouts":null,"vpc":true},"sensitive_values":{"tags_all":{}}},{"address":"aws_internet_gateway.igw","mode":"managed","type":"aws_internet_gateway","name":"igw","provider_name":"registry.terraform.io/hashicorp/aws","schema_version":0,"values":{"tags":{"Name":"internet-gateway"},"tags_all":{"Name":"internet-gateway"},"timeouts":null},"sensitive_values":{"tags":{},"tags_all":{}}},{"address":"aws_nat_gateway.nat_gw","mode":"managed","type":"aws_nat_gateway","name":"nat_gw","provider_name":"registry.terraform.io/hashicorp/aws","schema_version":0,"values":{"connectivity_type":"public","tags":null},"sensitive_values":{"tags_all":{}}},{"address":"aws_route_table.route-public","mode":"managed","type":"aws_route_table","name":"route-public","provider_name":"registry.terraform.io/hashicorp/aws","schema_version":0,"values":{"route":[{"carrier_gateway_id":"","cidr_block":"10.0.0.0/0","core_network_arn":"","destination_prefix_list_id":"","egress_only_gateway_id":"","instance_id":"","ipv6_cidr_block":"","local_gateway_id":"","nat_gateway_id":"","network_interface_id":"","transit_gateway_id":"","vpc_endpoint_id":"","vpc_peering_connection_id":""}],"tags":{"Name":"public-route-table"},"tags_all":{"Name":"public-route-table"},"timeouts":null},"sensitive_values":{"propagating_vgws":[],"route":[{}],"tags":{},"tags_all":{}}},{"address":"aws_route_table.route_private","mode":"managed","type":"aws_route_table","name":"route_private","provider_name":"registry.terraform.io/hashicorp/aws","schema_version":0,"values":{"route":[{"carrier_gateway_id":"","cidr_block":"10.0.0.0/0","core_network_arn":"","destination_prefix_list_id":"","egress_only_gateway_id":"","instance_id":"","ipv6_cidr_block":"","local_gateway_id":"","nat_gateway_id":"","network_interface_id":"","transit_gateway_id":"","vpc_endpoint_id":"","vpc_peering_connection_id":""}],"tags":{"Name":"private-route-table-demo"},"tags_all":{"Name":"private-route-table-demo"},"timeouts":null},"sensitive_values":{"propagating_vgws":[],"route":[{}],"tags":{},"tags_all":{}}},{"address":"aws_route_table_association.private_1","mode":"managed","type":"aws_route_table_association","name":"private_1","provider_name":"registry.terraform.io/hashicorp/aws","schema_version":0,"values":{"gateway_id":null},"sensitive_values":{}},{"address":"aws_route_table_association.private_2","mode":"managed","type":"aws_route_table_association","name":"private_2","provider_name":"registry.terraform.io/hashicorp/aws","schema_version":0,"values":{"gateway_id":null},"sensitive_values":{}},{"address":"aws_route_table_association.private_3","mode":"managed","type":"aws_route_table_association","name":"private_3","provider_name":"registry.terraform.io/hashicorp/aws","schema_version":0,"values":{"gateway_id":null},"sensitive_values":{}},{"address":"aws_route_table_association.public_1","mode":"managed","type":"aws_route_table_association","name":"public_1","provider_name":"registry.terraform.io/hashicorp/aws","schema_version":0,"values":{"gateway_id":null},"sensitive_values":{}},{"address":"aws_route_table_association.public_2","mode":"managed","type":"aws_route_table_association","name":"public_2","provider_name":"registry.terraform.io/hashicorp/aws","schema_version":0,"values":{"gateway_id":null},"sensitive_values":{}},{"address":"aws_route_table_association.public_3","mode":"managed","type":"aws_route_table_association","name":"public_3","provider_name":"registry.terraform.io/hashicorp/aws","schema_version":0,"values":{"gateway_id":null},"sensitive_values":{}},{"address":"aws_subnet.private_1","mode":"managed","type":"aws_subnet","name":"private_1","provider_name":"registry.terraform.io/hashicorp/aws","schema_version":1,"values":{"assign_ipv6_address_on_creation":false,"cidr_block":"10.0.4.0/24","customer_owned_ipv4_pool":null,"enable_dns64":false,"enable_resource_name_dns_a_record_on_launch":false,"enable_resource_name_dns_aaaa_record_on_launch":false,"ipv6_cidr_block":null,"ipv6_native":false,"map_customer_owned_ip_on_launch":null,"map_public_ip_on_launch":false,"outpost_arn":null,"tags":{"Name":"private_1-demo"},"tags_all":{"Name":"private_1-demo"},"timeouts":null},"sensitive_values":{"tags":{},"tags_all":{}}},{"address":"aws_subnet.private_2","mode":"managed","type":"aws_subnet","name":"private_2","provider_name":"registry.terraform.io/hashicorp/aws","schema_version":1,"values":{"assign_ipv6_address_on_creation":false,"cidr_block":"10.0.5.0/24","customer_owned_ipv4_pool":null,"enable_dns64":false,"enable_resource_name_dns_a_record_on_launch":false,"enable_resource_name_dns_aaaa_record_on_launch":false,"ipv6_cidr_block":null,"ipv6_native":false,"map_customer_owned_ip_on_launch":null,"map_public_ip_on_launch":false,"outpost_arn":null,"tags":{"Name":"private_2-demo"},"tags_all":{"Name":"private_2-demo"},"timeouts":null},"sensitive_values":{"tags":{},"tags_all":{}}},{"address":"aws_subnet.private_3","mode":"managed","type":"aws_subnet","name":"private_3","provider_name":"registry.terraform.io/hashicorp/aws","schema_version":1,"values":{"assign_ipv6_address_on_creation":false,"cidr_block":"10.0.6.0/24","customer_owned_ipv4_pool":null,"enable_dns64":false,"enable_resource_name_dns_a_record_on_launch":false,"enable_resource_name_dns_aaaa_record_on_launch":false,"ipv6_cidr_block":null,"ipv6_native":false,"map_customer_owned_ip_on_launch":null,"map_public_ip_on_launch":false,"outpost_arn":null,"tags":{"Name":"private_subnet_creation"},"tags_all":{"Name":"private_subnet_creation"},"timeouts":null},"sensitive_values":{"tags":{},"tags_all":{}}},{"address":"aws_subnet.public_1","mode":"managed","type":"aws_subnet","name":"public_1","provider_name":"registry.terraform.io/hashicorp/aws","schema_version":1,"values":{"assign_ipv6_address_on_creation":false,"cidr_block":"10.0.1.0/24","customer_owned_ipv4_pool":null,"enable_dns64":false,"enable_resource_name_dns_a_record_on_launch":false,"enable_resource_name_dns_aaaa_record_on_launch":false,"ipv6_cidr_block":null,"ipv6_native":false,"map_customer_owned_ip_on_launch":null,"map_public_ip_on_launch":true,"outpost_arn":null,"tags":{"Name":"public_sub_1"},"tags_all":{"Name":"public_sub_1"},"timeouts":null},"sensitive_values":{"tags":{},"tags_all":{}}},{"address":"aws_subnet.public_2","mode":"managed","type":"aws_subnet","name":"public_2","provider_name":"registry.terraform.io/hashicorp/aws","schema_version":1,"values":{"assign_ipv6_address_on_creation":false,"cidr_block":"10.0.2.0/24","customer_owned_ipv4_pool":null,"enable_dns64":false,"enable_resource_name_dns_a_record_on_launch":false,"enable_resource_name_dns_aaaa_record_on_launch":false,"ipv6_cidr_block":null,"ipv6_native":false,"map_customer_owned_ip_on_launch":null,"map_public_ip_on_launch":true,"outpost_arn":null,"tags":{"Name":"public_sub_2"},"tags_all":{"Name":"public_sub_2"},"timeouts":null},"sensitive_values":{"tags":{},"tags_all":{}}},{"address":"aws_subnet.public_3","mode":"managed","type":"aws_subnet","name":"public_3","provider_name":"registry.terraform.io/hashicorp/aws","schema_version":1,"values":{"assign_ipv6_address_on_creation":false,"cidr_block":"10.0.3.0/24","customer_owned_ipv4_pool":null,"enable_dns64":false,"enable_resource_name_dns_a_record_on_launch":false,"enable_resource_name_dns_aaaa_record_on_launch":false,"ipv6_cidr_block":null,"ipv6_native":false,"map_customer_owned_ip_on_launch":null,"map_public_ip_on_launch":true,"outpost_arn":null,"tags":{"Name":"public_sub_3"},"tags_all":{"Name":"public_sub_3"},"timeouts":null},"sensitive_values":{"tags":{},"tags_all":{}}},{"address":"aws_vpc.vpc_rajesh","mode":"managed","type":"aws_vpc","name":"vpc_rajesh","provider_name":"registry.terraform.io/hashicorp/aws","schema_version":1,"values":{"assign_generated_ipv6_cidr_block":null,"cidr_block":"10.0.0.0/16","enable_dns_hostnames":true,"enable_dns_support":true,"instance_tenancy":"default","ipv4_ipam_pool_id":null,"ipv4_netmask_length":null,"ipv6_ipam_pool_id":null,"ipv6_netmask_length":null,"tags":{"Name":"Vpc-public \u0026 private deployment"},"tags_all":{"Name":"Vpc-public \u0026 private deployment"}},"sensitive_values":{"tags":{},"tags_all":{}}}]}},"resource_changes":[{"address":"aws_eip.eip","mode":"managed","type":"aws_eip","name":"eip","provider_name":"registry.terraform.io/hashicorp/aws","change":{"actions":["create"],"before":null,"after":{"address":null,"associate_with_private_ip":null,"customer_owned_ipv4_pool":null,"tags":null,"timeouts":null,"vpc":true},"after_unknown":{"allocation_id":true,"association_id":true,"carrier_ip":true,"customer_owned_ip":true,"domain":true,"id":true,"instance":true,"network_border_group":true,"network_interface":true,"private_dns":true,"private_ip":true,"public_dns":true,"public_ip":true,"public_ipv4_pool":true,"tags_all":true},"before_sensitive":false,"after_sensitive":{"tags_all":{}}}},{"address":"aws_internet_gateway.igw","mode":"managed","type":"aws_internet_gateway","name":"igw","provider_name":"registry.terraform.io/hashicorp/aws","change":{"actions":["create"],"before":null,"after":{"tags":{"Name":"internet-gateway"},"tags_all":{"Name":"internet-gateway"},"timeouts":null},"after_unknown":{"arn":true,"id":true,"owner_id":true,"tags":{},"tags_all":{},"vpc_id":true},"before_sensitive":false,"after_sensitive":{"tags":{},"tags_all":{}}}},{"address":"aws_nat_gateway.nat_gw","mode":"managed","type":"aws_nat_gateway","name":"nat_gw","provider_name":"registry.terraform.io/hashicorp/aws","change":{"actions":["create"],"before":null,"after":{"connectivity_type":"public","tags":null},"after_unknown":{"allocation_id":true,"id":true,"network_interface_id":true,"private_ip":true,"public_ip":true,"subnet_id":true,"tags_all":true},"before_sensitive":false,"after_sensitive":{"tags_all":{}}}},{"address":"aws_route_table.route-public","mode":"managed","type":"aws_route_table","name":"route-public","provider_name":"registry.terraform.io/hashicorp/aws","change":{"actions":["create"],"before":null,"after":{"route":[{"carrier_gateway_id":"","cidr_block":"10.0.0.0/0","core_network_arn":"","destination_prefix_list_id":"","egress_only_gateway_id":"","instance_id":"","ipv6_cidr_block":"","local_gateway_id":"","nat_gateway_id":"","network_interface_id":"","transit_gateway_id":"","vpc_endpoint_id":"","vpc_peering_connection_id":""}],"tags":{"Name":"public-route-table"},"tags_all":{"Name":"public-route-table"},"timeouts":null},"after_unknown":{"arn":true,"id":true,"owner_id":true,"propagating_vgws":true,"route":[{"gateway_id":true}],"tags":{},"tags_all":{},"vpc_id":true},"before_sensitive":false,"after_sensitive":{"propagating_vgws":[],"route":[{}],"tags":{},"tags_all":{}}}},{"address":"aws_route_table.route_private","mode":"managed","type":"aws_route_table","name":"route_private","provider_name":"registry.terraform.io/hashicorp/aws","change":{"actions":["create"],"before":null,"after":{"route":[{"carrier_gateway_id":"","cidr_block":"10.0.0.0/0","core_network_arn":"","destination_prefix_list_id":"","egress_only_gateway_id":"","instance_id":"","ipv6_cidr_block":"","local_gateway_id":"","nat_gateway_id":"","network_interface_id":"","transit_gateway_id":"","vpc_endpoint_id":"","vpc_peering_connection_id":""}],"tags":{"Name":"private-route-table-demo"},"tags_all":{"Name":"private-route-table-demo"},"timeouts":null},"after_unknown":{"arn":true,"id":true,"owner_id":true,"propagating_vgws":true,"route":[{"gateway_id":true}],"tags":{},"tags_all":{},"vpc_id":true},"before_sensitive":false,"after_sensitive":{"propagating_vgws":[],"route":[{}],"tags":{},"tags_all":{}}}},{"address":"aws_route_table_association.private_1","mode":"managed","type":"aws_route_table_association","name":"private_1","provider_name":"registry.terraform.io/hashicorp/aws","change":{"actions":["create"],"before":null,"after":{"gateway_id":null},"after_unknown":{"id":true,"route_table_id":true,"subnet_id":true},"before_sensitive":false,"after_sensitive":{}}},{"address":"aws_route_table_association.private_2","mode":"managed","type":"aws_route_table_association","name":"private_2","provider_name":"registry.terraform.io/hashicorp/aws","change":{"actions":["create"],"before":null,"after":{"gateway_id":null},"after_unknown":{"id":true,"route_table_id":true,"subnet_id":true},"before_sensitive":false,"after_sensitive":{}}},{"address":"aws_route_table_association.private_3","mode":"managed","type":"aws_route_table_association","name":"private_3","provider_name":"registry.terraform.io/hashicorp/aws","change":{"actions":["create"],"before":null,"after":{"gateway_id":null},"after_unknown":{"id":true,"route_table_id":true,"subnet_id":true},"before_sensitive":false,"after_sensitive":{}}},{"address":"aws_route_table_association.public_1","mode":"managed","type":"aws_route_table_association","name":"public_1","provider_name":"registry.terraform.io/hashicorp/aws","change":{"actions":["create"],"before":null,"after":{"gateway_id":null},"after_unknown":{"id":true,"route_table_id":true,"subnet_id":true},"before_sensitive":false,"after_sensitive":{}}},{"address":"aws_route_table_association.public_2","mode":"managed","type":"aws_route_table_association","name":"public_2","provider_name":"registry.terraform.io/hashicorp/aws","change":{"actions":["create"],"before":null,"after":{"gateway_id":null},"after_unknown":{"id":true,"route_table_id":true,"subnet_id":true},"before_sensitive":false,"after_sensitive":{}}},{"address":"aws_route_table_association.public_3","mode":"managed","type":"aws_route_table_association","name":"public_3","provider_name":"registry.terraform.io/hashicorp/aws","change":{"actions":["create"],"before":null,"after":{"gateway_id":null},"after_unknown":{"id":true,"route_table_id":true,"subnet_id":true},"before_sensitive":false,"after_sensitive":{}}},{"address":"aws_subnet.private_1","mode":"managed","type":"aws_subnet","name":"private_1","provider_name":"registry.terraform.io/hashicorp/aws","change":{"actions":["create"],"before":null,"after":{"assign_ipv6_address_on_creation":false,"cidr_block":"10.0.4.0/24","customer_owned_ipv4_pool":null,"enable_dns64":false,"enable_resource_name_dns_a_record_on_launch":false,"enable_resource_name_dns_aaaa_record_on_launch":false,"ipv6_cidr_block":null,"ipv6_native":false,"map_customer_owned_ip_on_launch":null,"map_public_ip_on_launch":false,"outpost_arn":null,"tags":{"Name":"private_1-demo"},"tags_all":{"Name":"private_1-demo"},"timeouts":null},"after_unknown":{"arn":true,"availability_zone":true,"availability_zone_id":true,"id":true,"ipv6_cidr_block_association_id":true,"owner_id":true,"private_dns_hostname_type_on_launch":true,"tags":{},"tags_all":{},"vpc_id":true},"before_sensitive":false,"after_sensitive":{"tags":{},"tags_all":{}}}},{"address":"aws_subnet.private_2","mode":"managed","type":"aws_subnet","name":"private_2","provider_name":"registry.terraform.io/hashicorp/aws","change":{"actions":["create"],"before":null,"after":{"assign_ipv6_address_on_creation":false,"cidr_block":"10.0.5.0/24","customer_owned_ipv4_pool":null,"enable_dns64":false,"enable_resource_name_dns_a_record_on_launch":false,"enable_resource_name_dns_aaaa_record_on_launch":false,"ipv6_cidr_block":null,"ipv6_native":false,"map_customer_owned_ip_on_launch":null,"map_public_ip_on_launch":false,"outpost_arn":null,"tags":{"Name":"private_2-demo"},"tags_all":{"Name":"private_2-demo"},"timeouts":null},"after_unknown":{"arn":true,"availability_zone":true,"availability_zone_id":true,"id":true,"ipv6_cidr_block_association_id":true,"owner_id":true,"private_dns_hostname_type_on_launch":true,"tags":{},"tags_all":{},"vpc_id":true},"before_sensitive":false,"after_sensitive":{"tags":{},"tags_all":{}}}},{"address":"aws_subnet.private_3","mode":"managed","type":"aws_subnet","name":"private_3","provider_name":"registry.terraform.io/hashicorp/aws","change":{"actions":["create"],"before":null,"after":{"assign_ipv6_address_on_creation":false,"cidr_block":"10.0.6.0/24","customer_owned_ipv4_pool":null,"enable_dns64":false,"enable_resource_name_dns_a_record_on_launch":false,"enable_resource_name_dns_aaaa_record_on_launch":false,"ipv6_cidr_block":null,"ipv6_native":false,"map_customer_owned_ip_on_launch":null,"map_public_ip_on_launch":false,"outpost_arn":null,"tags":{"Name":"private_subnet_creation"},"tags_all":{"Name":"private_subnet_creation"},"timeouts":null},"after_unknown":{"arn":true,"availability_zone":true,"availability_zone_id":true,"id":true,"ipv6_cidr_block_association_id":true,"owner_id":true,"private_dns_hostname_type_on_launch":true,"tags":{},"tags_all":{},"vpc_id":true},"before_sensitive":false,"after_sensitive":{"tags":{},"tags_all":{}}}},{"address":"aws_subnet.public_1","mode":"managed","type":"aws_subnet","name":"public_1","provider_name":"registry.terraform.io/hashicorp/aws","change":{"actions":["create"],"before":null,"after":{"assign_ipv6_address_on_creation":false,"cidr_block":"10.0.1.0/24","customer_owned_ipv4_pool":null,"enable_dns64":false,"enable_resource_name_dns_a_record_on_launch":false,"enable_resource_name_dns_aaaa_record_on_launch":false,"ipv6_cidr_block":null,"ipv6_native":false,"map_customer_owned_ip_on_launch":null,"map_public_ip_on_launch":true,"outpost_arn":null,"tags":{"Name":"public_sub_1"},"tags_all":{"Name":"public_sub_1"},"timeouts":null},"after_unknown":{"arn":true,"availability_zone":true,"availability_zone_id":true,"id":true,"ipv6_cidr_block_association_id":true,"owner_id":true,"private_dns_hostname_type_on_launch":true,"tags":{},"tags_all":{},"vpc_id":true},"before_sensitive":false,"after_sensitive":{"tags":{},"tags_all":{}}}},{"address":"aws_subnet.public_2","mode":"managed","type":"aws_subnet","name":"public_2","provider_name":"registry.terraform.io/hashicorp/aws","change":{"actions":["create"],"before":null,"after":{"assign_ipv6_address_on_creation":false,"cidr_block":"10.0.2.0/24","customer_owned_ipv4_pool":null,"enable_dns64":false,"enable_resource_name_dns_a_record_on_launch":false,"enable_resource_name_dns_aaaa_record_on_launch":false,"ipv6_cidr_block":null,"ipv6_native":false,"map_customer_owned_ip_on_launch":null,"map_public_ip_on_launch":true,"outpost_arn":null,"tags":{"Name":"public_sub_2"},"tags_all":{"Name":"public_sub_2"},"timeouts":null},"after_unknown":{"arn":true,"availability_zone":true,"availability_zone_id":true,"id":true,"ipv6_cidr_block_association_id":true,"owner_id":true,"private_dns_hostname_type_on_launch":true,"tags":{},"tags_all":{},"vpc_id":true},"before_sensitive":false,"after_sensitive":{"tags":{},"tags_all":{}}}},{"address":"aws_subnet.public_3","mode":"managed","type":"aws_subnet","name":"public_3","provider_name":"registry.terraform.io/hashicorp/aws","change":{"actions":["create"],"before":null,"after":{"assign_ipv6_address_on_creation":false,"cidr_block":"10.0.3.0/24","customer_owned_ipv4_pool":null,"enable_dns64":false,"enable_resource_name_dns_a_record_on_launch":false,"enable_resource_name_dns_aaaa_record_on_launch":false,"ipv6_cidr_block":null,"ipv6_native":false,"map_customer_owned_ip_on_launch":null,"map_public_ip_on_launch":true,"outpost_arn":null,"tags":{"Name":"public_sub_3"},"tags_all":{"Name":"public_sub_3"},"timeouts":null},"after_unknown":{"arn":true,"availability_zone":true,"availability_zone_id":true,"id":true,"ipv6_cidr_block_association_id":true,"owner_id":true,"private_dns_hostname_type_on_launch":true,"tags":{},"tags_all":{},"vpc_id":true},"before_sensitive":false,"after_sensitive":{"tags":{},"tags_all":{}}}},{"address":"aws_vpc.vpc_rajesh","mode":"managed","type":"aws_vpc","name":"vpc_rajesh","provider_name":"registry.terraform.io/hashicorp/aws","change":{"actions":["create"],"before":null,"after":{"assign_generated_ipv6_cidr_block":null,"cidr_block":"10.0.0.0/16","enable_dns_hostnames":true,"enable_dns_support":true,"instance_tenancy":"default","ipv4_ipam_pool_id":null,"ipv4_netmask_length":null,"ipv6_ipam_pool_id":null,"ipv6_netmask_length":null,"tags":{"Name":"Vpc-public \u0026 private deployment"},"tags_all":{"Name":"Vpc-public \u0026 private deployment"}},"after_unknown":{"arn":true,"default_network_acl_id":true,"default_route_table_id":true,"default_security_group_id":true,"dhcp_options_id":true,"enable_classiclink":true,"enable_classiclink_dns_support":true,"enable_network_address_usage_metrics":true,"id":true,"ipv6_association_id":true,"ipv6_cidr_block":true,"ipv6_cidr_block_network_border_group":true,"main_route_table_id":true,"owner_id":true,"tags":{},"tags_all":{}},"before_sensitive":false,"after_sensitive":{"tags":{},"tags_all":{}}}}],"configuration":{"provider_config":{"aws":{"name":"aws","full_name":"registry.terraform.io/hashicorp/aws","version_constraint":"~\u003e 4.0","expressions":{"profile":{"constant_value":"rajesh"},"region":{"constant_value":"us-east-2"}}}},"root_module":{"resources":[{"address":"aws_eip.eip","mode":"managed","type":"aws_eip","name":"eip","provider_config_key":"aws","expressions":{"vpc":{"constant_value":true}},"schema_version":0},{"address":"aws_internet_gateway.igw","mode":"managed","type":"aws_internet_gateway","name":"igw","provider_config_key":"aws","expressions":{"tags":{"constant_value":{"Name":"internet-gateway"}},"vpc_id":{"references":["aws_vpc.vpc_rajesh.id","aws_vpc.vpc_rajesh"]}},"schema_version":0},{"address":"aws_nat_gateway.nat_gw","mode":"managed","type":"aws_nat_gateway","name":"nat_gw","provider_config_key":"aws","expressions":{"allocation_id":{"references":["aws_eip.eip.id","aws_eip.eip"]},"subnet_id":{"references":["aws_subnet.public_1.id","aws_subnet.public_1"]}},"schema_version":0,"depends_on":["aws_internet_gateway.igw"]},{"address":"aws_route_table.route-public","mode":"managed","type":"aws_route_table","name":"route-public","provider_config_key":"aws","expressions":{"route":{"references":["aws_internet_gateway.igw.id","aws_internet_gateway.igw"]},"tags":{"constant_value":{"Name":"public-route-table"}},"vpc_id":{"references":["aws_vpc.vpc_rajesh.id","aws_vpc.vpc_rajesh"]}},"schema_version":0},{"address":"aws_route_table.route_private","mode":"managed","type":"aws_route_table","name":"route_private","provider_config_key":"aws","expressions":{"route":{"references":["aws_nat_gateway.nat_gw.id","aws_nat_gateway.nat_gw"]},"tags":{"constant_value":{"Name":"private-route-table-demo"}},"vpc_id":{"references":["aws_vpc.vpc_rajesh.id","aws_vpc.vpc_rajesh"]}},"schema_version":0},{"address":"aws_route_table_association.private_1","mode":"managed","type":"aws_route_table_association","name":"private_1","provider_config_key":"aws","expressions":{"route_table_id":{"references":["aws_route_table.route_private.id","aws_route_table.route_private"]},"subnet_id":{"references":["aws_subnet.private_1.id","aws_subnet.private_1"]}},"schema_version":0},{"address":"aws_route_table_association.private_2","mode":"managed","type":"aws_route_table_association","name":"private_2","provider_config_key":"aws","expressions":{"route_table_id":{"references":["aws_route_table.route_private.id","aws_route_table.route_private"]},"subnet_id":{"references":["aws_subnet.private_2.id","aws_subnet.private_2"]}},"schema_version":0},{"address":"aws_route_table_association.private_3","mode":"managed","type":"aws_route_table_association","name":"private_3","provider_config_key":"aws","expressions":{"route_table_id":{"references":["aws_route_table.route_private.id","aws_route_table.route_private"]},"subnet_id":{"references":["aws_subnet.private_3.id","aws_subnet.private_3"]}},"schema_version":0},{"address":"aws_route_table_association.public_1","mode":"managed","type":"aws_route_table_association","name":"public_1","provider_config_key":"aws","expressions":{"route_table_id":{"references":["aws_route_table.route-public.id","aws_route_table.route-public"]},"subnet_id":{"references":["aws_subnet.public_1.id","aws_subnet.public_1"]}},"schema_version":0},{"address":"aws_route_table_association.public_2","mode":"managed","type":"aws_route_table_association","name":"public_2","provider_config_key":"aws","expressions":{"route_table_id":{"references":["aws_route_table.route-public.id","aws_route_table.route-public"]},"subnet_id":{"references":["aws_subnet.public_2.id","aws_subnet.public_2"]}},"schema_version":0},{"address":"aws_route_table_association.public_3","mode":"managed","type":"aws_route_table_association","name":"public_3","provider_config_key":"aws","expressions":{"route_table_id":{"references":["aws_route_table.route-public.id","aws_route_table.route-public"]},"subnet_id":{"references":["aws_subnet.public_3.id","aws_subnet.public_3"]}},"schema_version":0},{"address":"aws_subnet.private_1","mode":"managed","type":"aws_subnet","name":"private_1","provider_config_key":"aws","expressions":{"cidr_block":{"constant_value":"10.0.4.0/24"},"map_public_ip_on_launch":{"constant_value":false},"tags":{"constant_value":{"Name":"private_1-demo"}},"vpc_id":{"references":["aws_vpc.vpc_rajesh.id","aws_vpc.vpc_rajesh"]}},"schema_version":1},{"address":"aws_subnet.private_2","mode":"managed","type":"aws_subnet","name":"private_2","provider_config_key":"aws","expressions":{"cidr_block":{"constant_value":"10.0.5.0/24"},"map_public_ip_on_launch":{"constant_value":false},"tags":{"constant_value":{"Name":"private_2-demo"}},"vpc_id":{"references":["aws_vpc.vpc_rajesh.id","aws_vpc.vpc_rajesh"]}},"schema_version":1},{"address":"aws_subnet.private_3","mode":"managed","type":"aws_subnet","name":"private_3","provider_config_key":"aws","expressions":{"cidr_block":{"constant_value":"10.0.6.0/24"},"map_public_ip_on_launch":{"constant_value":false},"tags":{"constant_value":{"Name":"private_subnet_creation"}},"vpc_id":{"references":["aws_vpc.vpc_rajesh.id","aws_vpc.vpc_rajesh"]}},"schema_version":1},{"address":"aws_subnet.public_1","mode":"managed","type":"aws_subnet","name":"public_1","provider_config_key":"aws","expressions":{"cidr_block":{"constant_value":"10.0.1.0/24"},"map_public_ip_on_launch":{"constant_value":true},"tags":{"constant_value":{"Name":"public_sub_1"}},"vpc_id":{"references":["aws_vpc.vpc_rajesh.id","aws_vpc.vpc_rajesh"]}},"schema_version":1},{"address":"aws_subnet.public_2","mode":"managed","type":"aws_subnet","name":"public_2","provider_config_key":"aws","expressions":{"cidr_block":{"constant_value":"10.0.2.0/24"},"map_public_ip_on_launch":{"constant_value":true},"tags":{"constant_value":{"Name":"public_sub_2"}},"vpc_id":{"references":["aws_vpc.vpc_rajesh.id","aws_vpc.vpc_rajesh"]}},"schema_version":1},{"address":"aws_subnet.public_3","mode":"managed","type":"aws_subnet","name":"public_3","provider_config_key":"aws","expressions":{"cidr_block":{"constant_value":"10.0.3.0/24"},"map_public_ip_on_launch":{"constant_value":true},"tags":{"constant_value":{"Name":"public_sub_3"}},"vpc_id":{"references":["aws_vpc.vpc_rajesh.id","aws_vpc.vpc_rajesh"]}},"schema_version":1},{"address":"aws_vpc.vpc_rajesh","mode":"managed","type":"aws_vpc","name":"vpc_rajesh","provider_config_key":"aws","expressions":{"cidr_block":{"references":["var.cidr"]},"enable_dns_hostnames":{"references":["var.enable_dns_hostnames"]},"enable_dns_support":{"references":["var.enable_dns_support"]},"tags":{"references":["var.tags"]}},"schema_version":1}],"variables":{"cidr":{"default":"10.0.0.0/16","description":"The CIDR block for the VPC. Default value is a valid CIDR, but not acceptable by AWS and should be overridden"},"enable_dns_hostnames":{"default":true,"description":"enable DNS hostnames in the VPC"},"enable_dns_support":{"default":true,"description":"enable DNS support in the VPC"},"tags":{"default":"Vpc-public \u0026 private deployment","description":"A map of tags to add to all resources"}}}},"relevant_attributes":[{"resource":"aws_subnet.public_1","attribute":["id"]},{"resource":"aws_route_table.route-public","attribute":["id"]},{"resource":"aws_subnet.public_2","attribute":["id"]},{"resource":"aws_subnet.public_3","attribute":["id"]},{"resource":"aws_subnet.private_2","attribute":["id"]},{"resource":"aws_subnet.private_1","attribute":["id"]},{"resource":"aws_subnet.private_3","attribute":["id"]},{"resource":"aws_vpc.vpc_rajesh","attribute":["id"]},{"resource":"aws_eip.eip","attribute":["id"]},{"resource":"aws_internet_gateway.igw","attribute":["id"]},{"resource":"aws_nat_gateway.nat_gw","attribute":["id"]},{"resource":"aws_route_table.route_private","attribute":["id"]}]}
